// !$*UTF8*$!
{
	archiveVersion = 1;
	classes = {
	};
	objectVersion = 48;
	objects = {

/* Begin PBXBuildFile section */
		CE193ED51FB2C3860009D00C /* AppDelegate.m in Sources */ = {isa = PBXBuildFile; fileRef = CE193ED41FB2C3860009D00C /* AppDelegate.m */; };
		CE193ED81FB2C3860009D00C /* ViewController.m in Sources */ = {isa = PBXBuildFile; fileRef = CE193ED71FB2C3860009D00C /* ViewController.m */; };
		CE193EDB1FB2C3860009D00C /* Main.storyboard in Resources */ = {isa = PBXBuildFile; fileRef = CE193ED91FB2C3860009D00C /* Main.storyboard */; };
		CE193EDD1FB2C3860009D00C /* Assets.xcassets in Resources */ = {isa = PBXBuildFile; fileRef = CE193EDC1FB2C3860009D00C /* Assets.xcassets */; };
		CE193EE01FB2C3860009D00C /* LaunchScreen.storyboard in Resources */ = {isa = PBXBuildFile; fileRef = CE193EDE1FB2C3860009D00C /* LaunchScreen.storyboard */; };
		CE193EE31FB2C3860009D00C /* main.m in Sources */ = {isa = PBXBuildFile; fileRef = CE193EE21FB2C3860009D00C /* main.m */; };
		CE193EED1FB2C3870009D00C /* QQHomePageTests.m in Sources */ = {isa = PBXBuildFile; fileRef = CE193EEC1FB2C3870009D00C /* QQHomePageTests.m */; };
		CE193EF81FB2C3870009D00C /* QQHomePageUITests.m in Sources */ = {isa = PBXBuildFile; fileRef = CE193EF71FB2C3870009D00C /* QQHomePageUITests.m */; };
/* End PBXBuildFile section */

/* Begin PBXContainerItemProxy section */
		CE193EE91FB2C3870009D00C /* PBXContainerItemProxy */ = {
			isa = PBXContainerItemProxy;
			containerPortal = CE193EC81FB2C3860009D00C /* Project object */;
			proxyType = 1;
			remoteGlobalIDString = CE193ECF1FB2C3860009D00C;
			remoteInfo = QQHomePage;
		};
		CE193EF41FB2C3870009D00C /* PBXContainerItemProxy */ = {
			isa = PBXContainerItemProxy;
			containerPortal = CE193EC81FB2C3860009D00C /* Project object */;
			proxyType = 1;
			remoteGlobalIDString = CE193ECF1FB2C3860009D00C;
			remoteInfo = QQHomePage;
		};
/* End PBXContainerItemProxy section */

/* Begin PBXFileReference section */
		CE193ED01FB2C3860009D00C /* QQHomePage.app */ = {isa = PBXFileReference; explicitFileType = wrapper.application; includeInIndex = 0; path = QQHomePage.app; sourceTree = BUILT_PRODUCTS_DIR; };
		CE193ED31FB2C3860009D00C /* AppDelegate.h */ = {isa = PBXFileReference; lastKnownFileType = sourcecode.c.h; path = AppDelegate.h; sourceTree = "<group>"; };
		CE193ED41FB2C3860009D00C /* AppDelegate.m */ = {isa = PBXFileReference; lastKnownFileType = sourcecode.c.objc; path = AppDelegate.m; sourceTree = "<group>"; };
		CE193ED61FB2C3860009D00C /* ViewController.h */ = {isa = PBXFileReference; lastKnownFileType = sourcecode.c.h; path = ViewController.h; sourceTree = "<group>"; };
		CE193ED71FB2C3860009D00C /* ViewController.m */ = {isa = PBXFileReference; lastKnownFileType = sourcecode.c.objc; path = ViewController.m; sourceTree = "<group>"; };
		CE193EDA1FB2C3860009D00C /* Base */ = {isa = PBXFileReference; lastKnownFileType = file.storyboard; name = Base; path = Base.lproj/Main.storyboard; sourceTree = "<group>"; };
		CE193EDC1FB2C3860009D00C /* Assets.xcassets */ = {isa = PBXFileReference; lastKnownFileType = folder.assetcatalog; path = Assets.xcassets; sourceTree = "<group>"; };
		CE193EDF1FB2C3860009D00C /* Base */ = {isa = PBXFileReference; lastKnownFileType = file.storyboard; name = Base; path = Base.lproj/LaunchScreen.storyboard; sourceTree = "<group>"; };
		CE193EE11FB2C3860009D00C /* Info.plist */ = {isa = PBXFileReference; lastKnownFileType = text.plist.xml; path = Info.plist; sourceTree = "<group>"; };
		CE193EE21FB2C3860009D00C /* main.m */ = {isa = PBXFileReference; lastKnownFileType = sourcecode.c.objc; path = main.m; sourceTree = "<group>"; };
		CE193EE81FB2C3870009D00C /* QQHomePageTests.xctest */ = {isa = PBXFileReference; explicitFileType = wrapper.cfbundle; includeInIndex = 0; path = QQHomePageTests.xctest; sourceTree = BUILT_PRODUCTS_DIR; };
		CE193EEC1FB2C3870009D00C /* QQHomePageTests.m */ = {isa = PBXFileReference; lastKnownFileType = sourcecode.c.objc; path = QQHomePageTests.m; sourceTree = "<group>"; };
		CE193EEE1FB2C3870009D00C /* Info.plist */ = {isa = PBXFileReference; lastKnownFileType = text.plist.xml; path = Info.plist; sourceTree = "<group>"; };
		CE193EF31FB2C3870009D00C /* QQHomePageUITests.xctest */ = {isa = PBXFileReference; explicitFileType = wrapper.cfbundle; includeInIndex = 0; path = QQHomePageUITests.xctest; sourceTree = BUILT_PRODUCTS_DIR; };
		CE193EF71FB2C3870009D00C /* QQHomePageUITests.m */ = {isa = PBXFileReference; lastKnownFileType = sourcecode.c.objc; path = QQHomePageUITests.m; sourceTree = "<group>"; };
		CE193EF91FB2C3870009D00C /* Info.plist */ = {isa = PBXFileReference; lastKnownFileType = text.plist.xml; path = Info.plist; sourceTree = "<group>"; };
/* End PBXFileReference section */

/* Begin PBXFrameworksBuildPhase section */
		CE193ECD1FB2C3860009D00C /* Frameworks */ = {
			isa = PBXFrameworksBuildPhase;
			buildActionMask = 2147483647;
			files = (
			);
			runOnlyForDeploymentPostprocessing = 0;
		};
		CE193EE51FB2C3870009D00C /* Frameworks */ = {
			isa = PBXFrameworksBuildPhase;
			buildActionMask = 2147483647;
			files = (
			);
			runOnlyForDeploymentPostprocessing = 0;
		};
		CE193EF01FB2C3870009D00C /* Frameworks */ = {
			isa = PBXFrameworksBuildPhase;
			buildActionMask = 2147483647;
			files = (
			);
			runOnlyForDeploymentPostprocessing = 0;
		};
/* End PBXFrameworksBuildPhase section */

/* Begin PBXGroup section */
		CE193EC71FB2C3860009D00C = {
			isa = PBXGroup;
			children = (
				CE193ED21FB2C3860009D00C /* QQHomePage */,
				CE193EEB1FB2C3870009D00C /* QQHomePageTests */,
				CE193EF61FB2C3870009D00C /* QQHomePageUITests */,
				CE193ED11FB2C3860009D00C /* Products */,
			);
			sourceTree = "<group>";
		};
		CE193ED11FB2C3860009D00C /* Products */ = {
			isa = PBXGroup;
			children = (
				CE193ED01FB2C3860009D00C /* QQHomePage.app */,
				CE193EE81FB2C3870009D00C /* QQHomePageTests.xctest */,
				CE193EF31FB2C3870009D00C /* QQHomePageUITests.xctest */,
			);
			name = Products;
			sourceTree = "<group>";
		};
		CE193ED21FB2C3860009D00C /* QQHomePage */ = {
			isa = PBXGroup;
			children = (
				CE193ED31FB2C3860009D00C /* AppDelegate.h */,
				CE193ED41FB2C3860009D00C /* AppDelegate.m */,
				CE193ED61FB2C3860009D00C /* ViewController.h */,
				CE193ED71FB2C3860009D00C /* ViewController.m */,
				CE193ED91FB2C3860009D00C /* Main.storyboard */,
				CE193EDC1FB2C3860009D00C /* Assets.xcassets */,
				CE193EDE1FB2C3860009D00C /* LaunchScreen.storyboard */,
				CE193EE11FB2C3860009D00C /* Info.plist */,
				CE193EE21FB2C3860009D00C /* main.m */,
			);
			path = QQHomePage;
			sourceTree = "<group>";
		};
		CE193EEB1FB2C3870009D00C /* QQHomePageTests */ = {
			isa = PBXGroup;
			children = (
				CE193EEC1FB2C3870009D00C /* QQHomePageTests.m */,
				CE193EEE1FB2C3870009D00C /* Info.plist */,
			);
			path = QQHomePageTests;
			sourceTree = "<group>";
		};
		CE193EF61FB2C3870009D00C /* QQHomePageUITests */ = {
			isa = PBXGroup;
			children = (
				CE193EF71FB2C3870009D00C /* QQHomePageUITests.m */,
				CE193EF91FB2C3870009D00C /* Info.plist */,
			);
			path = QQHomePageUITests;
			sourceTree = "<group>";
		};
/* End PBXGroup section */

/* Begin PBXNativeTarget section */
		CE193ECF1FB2C3860009D00C /* QQHomePage */ = {
			isa = PBXNativeTarget;
			buildConfigurationList = CE193EFC1FB2C3870009D00C /* Build configuration list for PBXNativeTarget "QQHomePage" */;
			buildPhases = (
				CE193ECC1FB2C3860009D00C /* Sources */,
				CE193ECD1FB2C3860009D00C /* Frameworks */,
				CE193ECE1FB2C3860009D00C /* Resources */,
			);
			buildRules = (
			);
			dependencies = (
			);
			name = QQHomePage;
			productName = QQHomePage;
			productReference = CE193ED01FB2C3860009D00C /* QQHomePage.app */;
			productType = "com.apple.product-type.application";
		};
		CE193EE71FB2C3870009D00C /* QQHomePageTests */ = {
			isa = PBXNativeTarget;
			buildConfigurationList = CE193EFF1FB2C3870009D00C /* Build configuration list for PBXNativeTarget "QQHomePageTests" */;
			buildPhases = (
				CE193EE41FB2C3870009D00C /* Sources */,
				CE193EE51FB2C3870009D00C /* Frameworks */,
				CE193EE61FB2C3870009D00C /* Resources */,
			);
			buildRules = (
			);
			dependencies = (
				CE193EEA1FB2C3870009D00C /* PBXTargetDependency */,
			);
			name = QQHomePageTests;
			productName = QQHomePageTests;
			productReference = CE193EE81FB2C3870009D00C /* QQHomePageTests.xctest */;
			productType = "com.apple.product-type.bundle.unit-test";
		};
		CE193EF21FB2C3870009D00C /* QQHomePageUITests */ = {
			isa = PBXNativeTarget;
			buildConfigurationList = CE193F021FB2C3870009D00C /* Build configuration list for PBXNativeTarget "QQHomePageUITests" */;
			buildPhases = (
				CE193EEF1FB2C3870009D00C /* Sources */,
				CE193EF01FB2C3870009D00C /* Frameworks */,
				CE193EF11FB2C3870009D00C /* Resources */,
			);
			buildRules = (
			);
			dependencies = (
				CE193EF51FB2C3870009D00C /* PBXTargetDependency */,
			);
			name = QQHomePageUITests;
			productName = QQHomePageUITests;
			productReference = CE193EF31FB2C3870009D00C /* QQHomePageUITests.xctest */;
			productType = "com.apple.product-type.bundle.ui-testing";
		};
/* End PBXNativeTarget section */

/* Begin PBXProject section */
		CE193EC81FB2C3860009D00C /* Project object */ = {
			isa = PBXProject;
			attributes = {
				LastUpgradeCheck = 0910;
				ORGANIZATIONNAME = "geng hongkai";
				TargetAttributes = {
					CE193ECF1FB2C3860009D00C = {
						CreatedOnToolsVersion = 9.1;
						ProvisioningStyle = Automatic;
					};
					CE193EE71FB2C3870009D00C = {
						CreatedOnToolsVersion = 9.1;
						ProvisioningStyle = Automatic;
						TestTargetID = CE193ECF1FB2C3860009D00C;
					};
					CE193EF21FB2C3870009D00C = {
						CreatedOnToolsVersion = 9.1;
						ProvisioningStyle = Automatic;
						TestTargetID = CE193ECF1FB2C3860009D00C;
					};
				};
			};
			buildConfigurationList = CE193ECB1FB2C3860009D00C /* Build configuration list for PBXProject "QQHomePage" */;
			compatibilityVersion = "Xcode 8.0";
			developmentRegion = en;
			hasScannedForEncodings = 0;
			knownRegions = (
				en,
				Base,
			);
			mainGroup = CE193EC71FB2C3860009D00C;
			productRefGroup = CE193ED11FB2C3860009D00C /* Products */;
			projectDirPath = "";
			projectRoot = "";
			targets = (
				CE193ECF1FB2C3860009D00C /* QQHomePage */,
				CE193EE71FB2C3870009D00C /* QQHomePageTests */,
				CE193EF21FB2C3870009D00C /* QQHomePageUITests */,
			);
		};
/* End PBXProject section */

/* Begin PBXResourcesBuildPhase section */
		CE193ECE1FB2C3860009D00C /* Resources */ = {
			isa = PBXResourcesBuildPhase;
			buildActionMask = 2147483647;
			files = (
				CE193EE01FB2C3860009D00C /* LaunchScreen.storyboard in Resources */,
				CE193EDD1FB2C3860009D00C /* Assets.xcassets in Resources */,
				CE193EDB1FB2C3860009D00C /* Main.storyboard in Resources */,
			);
			runOnlyForDeploymentPostprocessing = 0;
		};
		CE193EE61FB2C3870009D00C /* Resources */ = {
			isa = PBXResourcesBuildPhase;
			buildActionMask = 2147483647;
			files = (
			);
			runOnlyForDeploymentPostprocessing = 0;
		};
		CE193EF11FB2C3870009D00C /* Resources */ = {
			isa = PBXResourcesBuildPhase;
			buildActionMask = 2147483647;
			files = (
			);
			runOnlyForDeploymentPostprocessing = 0;
		};
/* End PBXResourcesBuildPhase section */

/* Begin PBXSourcesBuildPhase section */
		CE193ECC1FB2C3860009D00C /* Sources */ = {
			isa = PBXSourcesBuildPhase;
			buildActionMask = 2147483647;
			files = (
				CE193ED81FB2C3860009D00C /* ViewController.m in Sources */,
				CE193EE31FB2C3860009D00C /* main.m in Sources */,
				CE193ED51FB2C3860009D00C /* AppDelegate.m in Sources */,
			);
			runOnlyForDeploymentPostprocessing = 0;
		};
		CE193EE41FB2C3870009D00C /* Sources */ = {
			isa = PBXSourcesBuildPhase;
			buildActionMask = 2147483647;
			files = (
				CE193EED1FB2C3870009D00C /* QQHomePageTests.m in Sources */,
			);
			runOnlyForDeploymentPostprocessing = 0;
		};
		CE193EEF1FB2C3870009D00C /* Sources */ = {
			isa = PBXSourcesBuildPhase;
			buildActionMask = 2147483647;
			files = (
				CE193EF81FB2C3870009D00C /* QQHomePageUITests.m in Sources */,
			);
			runOnlyForDeploymentPostprocessing = 0;
		};
/* End PBXSourcesBuildPhase section */

/* Begin PBXTargetDependency section */
		CE193EEA1FB2C3870009D00C /* PBXTargetDependency */ = {
			isa = PBXTargetDependency;
			target = CE193ECF1FB2C3860009D00C /* QQHomePage */;
			targetProxy = CE193EE91FB2C3870009D00C /* PBXContainerItemProxy */;
		};
		CE193EF51FB2C3870009D00C /* PBXTargetDependency */ = {
			isa = PBXTargetDependency;
			target = CE193ECF1FB2C3860009D00C /* QQHomePage */;
			targetProxy = CE193EF41FB2C3870009D00C /* PBXContainerItemProxy */;
		};
/* End PBXTargetDependency section */

/* Begin PBXVariantGroup section */
		CE193ED91FB2C3860009D00C /* Main.storyboard */ = {
			isa = PBXVariantGroup;
			children = (
				CE193EDA1FB2C3860009D00C /* Base */,
			);
			name = Main.storyboard;
			sourceTree = "<group>";
		};
		CE193EDE1FB2C3860009D00C /* LaunchScreen.storyboard */ = {
			isa = PBXVariantGroup;
			children = (
				CE193EDF1FB2C3860009D00C /* Base */,
			);
			name = LaunchScreen.storyboard;
			sourceTree = "<group>";
		};
/* End PBXVariantGroup section */

/* Begin XCBuildConfiguration section */
		CE193EFA1FB2C3870009D00C /* Debug */ = {
			isa = XCBuildConfiguration;
			buildSettings = {
				ALWAYS_SEARCH_USER_PATHS = NO;
				CLANG_ANALYZER_NONNULL = YES;
				CLANG_ANALYZER_NUMBER_OBJECT_CONVERSION = YES_AGGRESSIVE;
				CLANG_CXX_LANGUAGE_STANDARD = "gnu++14";
				CLANG_CXX_LIBRARY = "libc++";
				CLANG_ENABLE_MODULES = YES;
				CLANG_ENABLE_OBJC_ARC = YES;
				CLANG_WARN_BLOCK_CAPTURE_AUTORELEASING = YES;
				CLANG_WARN_BOOL_CONVERSION = YES;
				CLANG_WARN_COMMA = YES;
				CLANG_WARN_CONSTANT_CONVERSION = YES;
				CLANG_WARN_DIRECT_OBJC_ISA_USAGE = YES_ERROR;
				CLANG_WARN_DOCUMENTATION_COMMENTS = YES;
				CLANG_WARN_EMPTY_BODY = YES;
				CLANG_WARN_ENUM_CONVERSION = YES;
				CLANG_WARN_INFINITE_RECURSION = YES;
				CLANG_WARN_INT_CONVERSION = YES;
				CLANG_WARN_NON_LITERAL_NULL_CONVERSION = YES;
				CLANG_WARN_OBJC_LITERAL_CONVERSION = YES;
				CLANG_WARN_OBJC_ROOT_CLASS = YES_ERROR;
				CLANG_WARN_RANGE_LOOP_ANALYSIS = YES;
				CLANG_WARN_STRICT_PROTOTYPES = YES;
				CLANG_WARN_SUSPICIOUS_MOVE = YES;
				CLANG_WARN_UNGUARDED_AVAILABILITY = YES_AGGRESSIVE;
				CLANG_WARN_UNREACHABLE_CODE = YES;
				CLANG_WARN__DUPLICATE_METHOD_MATCH = YES;
				CODE_SIGN_IDENTITY = "iPhone Developer";
				COPY_PHASE_STRIP = NO;
				DEBUG_INFORMATION_FORMAT = dwarf;
				ENABLE_STRICT_OBJC_MSGSEND = YES;
				ENABLE_TESTABILITY = YES;
				GCC_C_LANGUAGE_STANDARD = gnu11;
				GCC_DYNAMIC_NO_PIC = NO;
				GCC_NO_COMMON_BLOCKS = YES;
				GCC_OPTIMIZATION_LEVEL = 0;
				GCC_PREPROCESSOR_DEFINITIONS = (
					"DEBUG=1",
					"$(inherited)",
				);
				GCC_WARN_64_TO_32_BIT_CONVERSION = YES;
				GCC_WARN_ABOUT_RETURN_TYPE = YES_ERROR;
				GCC_WARN_UNDECLARED_SELECTOR = YES;
				GCC_WARN_UNINITIALIZED_AUTOS = YES_AGGRESSIVE;
				GCC_WARN_UNUSED_FUNCTION = YES;
				GCC_WARN_UNUSED_VARIABLE = YES;
				IPHONEOS_DEPLOYMENT_TARGET = 11.1;
				MTL_ENABLE_DEBUG_INFO = YES;
				ONLY_ACTIVE_ARCH = YES;
				SDKROOT = iphoneos;
			};
			name = Debug;
		};
		CE193EFB1FB2C3870009D00C /* Release */ = {
			isa = XCBuildConfiguration;
			buildSettings = {
				ALWAYS_SEARCH_USER_PATHS = NO;
				CLANG_ANALYZER_NONNULL = YES;
				CLANG_ANALYZER_NUMBER_OBJECT_CONVERSION = YES_AGGRESSIVE;
				CLANG_CXX_LANGUAGE_STANDARD = "gnu++14";
				CLANG_CXX_LIBRARY = "libc++";
				CLANG_ENABLE_MODULES = YES;
				CLANG_ENABLE_OBJC_ARC = YES;
				CLANG_WARN_BLOCK_CAPTURE_AUTORELEASING = YES;
				CLANG_WARN_BOOL_CONVERSION = YES;
				CLANG_WARN_COMMA = YES;
				CLANG_WARN_CONSTANT_CONVERSION = YES;
				CLANG_WARN_DIRECT_OBJC_ISA_USAGE = YES_ERROR;
				CLANG_WARN_DOCUMENTATION_COMMENTS = YES;
				CLANG_WARN_EMPTY_BODY = YES;
				CLANG_WARN_ENUM_CONVERSION = YES;
				CLANG_WARN_INFINITE_RECURSION = YES;
				CLANG_WARN_INT_CONVERSION = YES;
				CLANG_WARN_NON_LITERAL_NULL_CONVERSION = YES;
				CLANG_WARN_OBJC_LITERAL_CONVERSION = YES;
				CLANG_WARN_OBJC_ROOT_CLASS = YES_ERROR;
				CLANG_WARN_RANGE_LOOP_ANALYSIS = YES;
				CLANG_WARN_STRICT_PROTOTYPES = YES;
				CLANG_WARN_SUSPICIOUS_MOVE = YES;
				CLANG_WARN_UNGUARDED_AVAILABILITY = YES_AGGRESSIVE;
				CLANG_WARN_UNREACHABLE_CODE = YES;
				CLANG_WARN__DUPLICATE_METHOD_MATCH = YES;
				CODE_SIGN_IDENTITY = "iPhone Developer";
				COPY_PHASE_STRIP = NO;
				DEBUG_INFORMATION_FORMAT = "dwarf-with-dsym";
				ENABLE_NS_ASSERTIONS = NO;
				ENABLE_STRICT_OBJC_MSGSEND = YES;
				GCC_C_LANGUAGE_STANDARD = gnu11;
				GCC_NO_COMMON_BLOCKS = YES;
				GCC_WARN_64_TO_32_BIT_CONVERSION = YES;
				GCC_WARN_ABOUT_RETURN_TYPE = YES_ERROR;
				GCC_WARN_UNDECLARED_SELECTOR = YES;
				GCC_WARN_UNINITIALIZED_AUTOS = YES_AGGRESSIVE;
				GCC_WARN_UNUSED_FUNCTION = YES;
				GCC_WARN_UNUSED_VARIABLE = YES;
				IPHONEOS_DEPLOYMENT_TARGET = 11.1;
				MTL_ENABLE_DEBUG_INFO = NO;
				SDKROOT = iphoneos;
				VALIDATE_PRODUCT = YES;
			};
			name = Release;
		};
		CE193EFD1FB2C3870009D00C /* Debug */ = {
			isa = XCBuildConfiguration;
			buildSettings = {
				ASSETCATALOG_COMPILER_APPICON_NAME = AppIcon;
				CODE_SIGN_STYLE = Automatic;
				DEVELOPMENT_TEAM = ZBAKS7S6YF;
				INFOPLIST_FILE = QQHomePage/Info.plist;
				LD_RUNPATH_SEARCH_PATHS = "$(inherited) @executable_path/Frameworks";
				PRODUCT_BUNDLE_IDENTIFIER = com.ceshi.ceshizhengshu.QQHomePage;
				PRODUCT_NAME = "$(TARGET_NAME)";
				TARGETED_DEVICE_FAMILY = "1,2";
			};
			name = Debug;
		};
		CE193EFE1FB2C3870009D00C /* Release */ = {
			isa = XCBuildConfiguration;
			buildSettings = {
				ASSETCATALOG_COMPILER_APPICON_NAME = AppIcon;
				CODE_SIGN_STYLE = Automatic;
				DEVELOPMENT_TEAM = ZBAKS7S6YF;
				INFOPLIST_FILE = QQHomePage/Info.plist;
				LD_RUNPATH_SEARCH_PATHS = "$(inherited) @executable_path/Frameworks";
				PRODUCT_BUNDLE_IDENTIFIER = com.ceshi.ceshizhengshu.QQHomePage;
				PRODUCT_NAME = "$(TARGET_NAME)";
				TARGETED_DEVICE_FAMILY = "1,2";
			};
			name = Release;
		};
		CE193F001FB2C3870009D00C /* Debug */ = {
			isa = XCBuildConfiguration;
			buildSettings = {
				BUNDLE_LOADER = "$(TEST_HOST)";
				CODE_SIGN_STYLE = Automatic;
				DEVELOPMENT_TEAM = ZBAKS7S6YF;
				INFOPLIST_FILE = QQHomePageTests/Info.plist;
				LD_RUNPATH_SEARCH_PATHS = "$(inherited) @executable_path/Frameworks @loader_path/Frameworks";
				PRODUCT_BUNDLE_IDENTIFIER = com.ceshi.ceshizhengshu.QQHomePageTests;
				PRODUCT_NAME = "$(TARGET_NAME)";
				TARGETED_DEVICE_FAMILY = "1,2";
				TEST_HOST = "$(BUILT_PRODUCTS_DIR)/QQHomePage.app/QQHomePage";
			};
			name = Debug;
		};
		CE193F011FB2C3870009D00C /* Release */ = {
			isa = XCBuildConfiguration;
			buildSettings = {
				BUNDLE_LOADER = "$(TEST_HOST)";
				CODE_SIGN_STYLE = Automatic;
				DEVELOPMENT_TEAM = ZBAKS7S6YF;
				INFOPLIST_FILE = QQHomePageTests/Info.plist;
				LD_RUNPATH_SEARCH_PATHS = "$(inherited) @executable_path/Frameworks @loader_path/Frameworks";
				PRODUCT_BUNDLE_IDENTIFIER = com.ceshi.ceshizhengshu.QQHomePageTests;
				PRODUCT_NAME = "$(TARGET_NAME)";
				TARGETED_DEVICE_FAMILY = "1,2";
				TEST_HOST = "$(BUILT_PRODUCTS_DIR)/QQHomePage.app/QQHomePage";
			};
			name = Release;
		};
		CE193F031FB2C3870009D00C /* Debug */ = {
			isa = XCBuildConfiguration;
			buildSettings = {
				CODE_SIGN_STYLE = Automatic;
				DEVELOPMENT_TEAM = ZBAKS7S6YF;
				INFOPLIST_FILE = QQHomePageUITests/Info.plist;
				LD_RUNPATH_SEARCH_PATHS = "$(inherited) @executable_path/Frameworks @loader_path/Frameworks";
				PRODUCT_BUNDLE_IDENTIFIER = com.ceshi.ceshizhengshu.QQHomePageUITests;
				PRODUCT_NAME = "$(TARGET_NAME)";
				TARGETED_DEVICE_FAMILY = "1,2";
				TEST_TARGET_NAME = QQHomePage;
			};
			name = Debug;
		};
		CE193F041FB2C3870009D00C /* Release */ = {
			isa = XCBuildConfiguration;
			buildSettings = {
				CODE_SIGN_STYLE = Automatic;
				DEVELOPMENT_TEAM = ZBAKS7S6YF;
				INFOPLIST_FILE = QQHomePageUITests/Info.plist;
				LD_RUNPATH_SEARCH_PATHS = "$(inherited) @executable_path/Frameworks @loader_path/Frameworks";
				PRODUCT_BUNDLE_IDENTIFIER = com.ceshi.ceshizhengshu.QQHomePageUITests;
				PRODUCT_NAME = "$(TARGET_NAME)";
				TARGETED_DEVICE_FAMILY = "1,2";
				TEST_TARGET_NAME = QQHomePage;
			};
			name = Release;
		};
/* End XCBuildConfiguration section */

/* Begin XCConfigurationList section */
		CE193ECB1FB2C3860009D00C /* Build configuration list for PBXProject "QQHomePage" */ = {
			isa = XCConfigurationList;
			buildConfigurations = (
				CE193EFA1FB2C3870009D00C /* Debug */,
				CE193EFB1FB2C3870009D00C /* Release */,
			);
			defaultConfigurationIsVisible = 0;
			defaultConfigurationName = Release;
		};
		CE193EFC1FB2C3870009D00C /* Build configuration list for PBXNativeTarget "QQHomePage" */ = {
			isa = XCConfigurationList;
			buildConfigurations = (
				CE193EFD1FB2C3870009D00C /* Debug */,
				CE193EFE1FB2C3870009D00C /* Release */,
			);
			defaultConfigurationIsVisible = 0;
			defaultConfigurationName = Release;
		};
		CE193EFF1FB2C3870009D00C /* Build configuration list for PBXNativeTarget "QQHomePageTests" */ = {
			isa = XCConfigurationList;
			buildConfigurations = (
				CE193F001FB2C3870009D00C /* Debug */,
				CE193F011FB2C3870009D00C /* Release */,
			);
			defaultConfigurationIsVisible = 0;
			defaultConfigurationName = Release;
		};
		CE193F021FB2C3870009D00C /* Build configuration list for PBXNativeTarget "QQHomePageUITests" */ = {
			isa = XCConfigurationList;
			buildConfigurations = (
				CE193F031FB2C3870009D00C /* Debug */,
				CE193F041FB2C3870009D00C /* Release */,
			);
			defaultConfigurationIsVisible = 0;
			defaultConfigurationName = Release;
		};
/* End XCConfigurationList section */
	};
	rootObject = CE193EC81FB2C3860009D00C /* Project object */;
}
